
Microsoft Visual Studio Solution File, Format Version 12.00
# Visual Studio 2013
VisualStudioVersion = 12.0.21005.1
MinimumVisualStudioVersion = 10.0.40219.1
Project("{FAE04EC0-301F-11D3-BF4B-00C04F79EFBC}") = "PatientsList.REST", "PatientsList.REST\PatientsList.REST.csproj", "{196E7A33-1340-4B8D-85F4-8E8E2A5AA7C9}"
EndProject
Project("{FAE04EC0-301F-11D3-BF4B-00C04F79EFBC}") = "PatientsList.Model", "PatientsList.Model\PatientsList.Model.csproj", "{DE5B9891-4CDF-42C5-8D7C-32BBC5F0BF67}"
EndProject
Project("{FAE04EC0-301F-11D3-BF4B-00C04F79EFBC}") = "Model.Test", "Model.Test\Model.Test.csproj", "{953B999F-5454-4D77-911F-69E831308579}"
EndProject
Project("{FAE04EC0-301F-11D3-BF4B-00C04F79EFBC}") = "PatientsList", "PatientsList\PatientsList.csproj", "{D56E2FA3-D92C-434D-82A5-D041E8C11893}"
EndProject
Global
	GlobalSection(SolutionConfigurationPlatforms) = preSolution
		Debug|Any CPU = Debug|Any CPU
		Debug|ARM = Debug|ARM
		Debug|x64 = Debug|x64
		Debug|x86 = Debug|x86
		Release|Any CPU = Release|Any CPU
		Release|ARM = Release|ARM
		Release|x64 = Release|x64
		Release|x86 = Release|x86
	EndGlobalSection
	GlobalSection(ProjectConfigurationPlatforms) = postSolution
		{196E7A33-1340-4B8D-85F4-8E8E2A5AA7C9}.Debug|Any CPU.ActiveCfg = Debug|Any CPU
		{196E7A33-1340-4B8D-85F4-8E8E2A5AA7C9}.Debug|Any CPU.Build.0 = Debug|Any CPU
		{196E7A33-1340-4B8D-85F4-8E8E2A5AA7C9}.Debug|ARM.ActiveCfg = Debug|Any CPU
		{196E7A33-1340-4B8D-85F4-8E8E2A5AA7C9}.Debug|x64.ActiveCfg = Debug|Any CPU
		{196E7A33-1340-4B8D-85F4-8E8E2A5AA7C9}.Debug|x86.ActiveCfg = Debug|Any CPU
		{196E7A33-1340-4B8D-85F4-8E8E2A5AA7C9}.Release|Any CPU.ActiveCfg = Release|Any CPU
		{196E7A33-1340-4B8D-85F4-8E8E2A5AA7C9}.Release|Any CPU.Build.0 = Release|Any CPU
		{196E7A33-1340-4B8D-85F4-8E8E2A5AA7C9}.Release|ARM.ActiveCfg = Release|Any CPU
		{196E7A33-1340-4B8D-85F4-8E8E2A5AA7C9}.Release|x64.ActiveCfg = Release|Any CPU
		{196E7A33-1340-4B8D-85F4-8E8E2A5AA7C9}.Release|x86.ActiveCfg = Release|Any CPU
		{DE5B9891-4CDF-42C5-8D7C-32BBC5F0BF67}.Debug|Any CPU.ActiveCfg = Debug|Any CPU
		{DE5B9891-4CDF-42C5-8D7C-32BBC5F0BF67}.Debug|Any CPU.Build.0 = Debug|Any CPU
		{DE5B9891-4CDF-42C5-8D7C-32BBC5F0BF67}.Debug|ARM.ActiveCfg = Debug|Any CPU
		{DE5B9891-4CDF-42C5-8D7C-32BBC5F0BF67}.Debug|x64.ActiveCfg = Debug|Any CPU
		{DE5B9891-4CDF-42C5-8D7C-32BBC5F0BF67}.Debug|x86.ActiveCfg = Debug|Any CPU
		{DE5B9891-4CDF-42C5-8D7C-32BBC5F0BF67}.Release|Any CPU.ActiveCfg = Release|Any CPU
		{DE5B9891-4CDF-42C5-8D7C-32BBC5F0BF67}.Release|Any CPU.Build.0 = Release|Any CPU
		{DE5B9891-4CDF-42C5-8D7C-32BBC5F0BF67}.Release|ARM.ActiveCfg = Release|Any CPU
		{DE5B9891-4CDF-42C5-8D7C-32BBC5F0BF67}.Release|x64.ActiveCfg = Release|Any CPU
		{DE5B9891-4CDF-42C5-8D7C-32BBC5F0BF67}.Release|x86.ActiveCfg = Release|Any CPU
		{953B999F-5454-4D77-911F-69E831308579}.Debug|Any CPU.ActiveCfg = Debug|Any CPU
		{953B999F-5454-4D77-911F-69E831308579}.Debug|Any CPU.Build.0 = Debug|Any CPU
		{953B999F-5454-4D77-911F-69E831308579}.Debug|ARM.ActiveCfg = Debug|Any CPU
		{953B999F-5454-4D77-911F-69E831308579}.Debug|x64.ActiveCfg = Debug|Any CPU
		{953B999F-5454-4D77-911F-69E831308579}.Debug|x86.ActiveCfg = Debug|Any CPU
		{953B999F-5454-4D77-911F-69E831308579}.Release|Any CPU.ActiveCfg = Release|Any CPU
		{953B999F-5454-4D77-911F-69E831308579}.Release|Any CPU.Build.0 = Release|Any CPU
		{953B999F-5454-4D77-911F-69E831308579}.Release|ARM.ActiveCfg = Release|Any CPU
		{953B999F-5454-4D77-911F-69E831308579}.Release|x64.ActiveCfg = Release|Any CPU
		{953B999F-5454-4D77-911F-69E831308579}.Release|x86.ActiveCfg = Release|Any CPU
		{D56E2FA3-D92C-434D-82A5-D041E8C11893}.Debug|Any CPU.ActiveCfg = Debug|Any CPU
		{D56E2FA3-D92C-434D-82A5-D041E8C11893}.Debug|Any CPU.Build.0 = Debug|Any CPU
		{D56E2FA3-D92C-434D-82A5-D041E8C11893}.Debug|Any CPU.Deploy.0 = Debug|Any CPU
		{D56E2FA3-D92C-434D-82A5-D041E8C11893}.Debug|ARM.ActiveCfg = Debug|ARM
		{D56E2FA3-D92C-434D-82A5-D041E8C11893}.Debug|ARM.Build.0 = Debug|ARM
		{D56E2FA3-D92C-434D-82A5-D041E8C11893}.Debug|ARM.Deploy.0 = Debug|ARM
		{D56E2FA3-D92C-434D-82A5-D041E8C11893}.Debug|x64.ActiveCfg = Debug|x64
		{D56E2FA3-D92C-434D-82A5-D041E8C11893}.Debug|x64.Build.0 = Debug|x64
		{D56E2FA3-D92C-434D-82A5-D041E8C11893}.Debug|x64.Deploy.0 = Debug|x64
		{D56E2FA3-D92C-434D-82A5-D041E8C11893}.Debug|x86.ActiveCfg = Debug|x86
		{D56E2FA3-D92C-434D-82A5-D041E8C11893}.Debug|x86.Build.0 = Debug|x86
		{D56E2FA3-D92C-434D-82A5-D041E8C11893}.Debug|x86.Deploy.0 = Debug|x86
		{D56E2FA3-D92C-434D-82A5-D041E8C11893}.Release|Any CPU.ActiveCfg = Release|Any CPU
		{D56E2FA3-D92C-434D-82A5-D041E8C11893}.Release|Any CPU.Build.0 = Release|Any CPU
		{D56E2FA3-D92C-434D-82A5-D041E8C11893}.Release|Any CPU.Deploy.0 = Release|Any CPU
		{D56E2FA3-D92C-434D-82A5-D041E8C11893}.Release|ARM.ActiveCfg = Release|ARM
		{D56E2FA3-D92C-434D-82A5-D041E8C11893}.Release|ARM.Build.0 = Release|ARM
		{D56E2FA3-D92C-434D-82A5-D041E8C11893}.Release|ARM.Deploy.0 = Release|ARM
		{D56E2FA3-D92C-434D-82A5-D041E8C11893}.Release|x64.ActiveCfg = Release|x64
		{D56E2FA3-D92C-434D-82A5-D041E8C11893}.Release|x64.Build.0 = Release|x64
		{D56E2FA3-D92C-434D-82A5-D041E8C11893}.Release|x64.Deploy.0 = Release|x64
		{D56E2FA3-D92C-434D-82A5-D041E8C11893}.Release|x86.ActiveCfg = Release|x86
		{D56E2FA3-D92C-434D-82A5-D041E8C11893}.Release|x86.Build.0 = Release|x86
		{D56E2FA3-D92C-434D-82A5-D041E8C11893}.Release|x86.Deploy.0 = Release|x86
	EndGlobalSection
	GlobalSection(SolutionProperties) = preSolution
		HideSolutionNode = FALSE
	EndGlobalSection
EndGlobal
