
Microsoft Visual Studio Solution File, Format Version 12.00
# Visual Studio 2013
VisualStudioVersion = 12.0.21005.1
MinimumVisualStudioVersion = 10.0.40219.1
Project("{FAE04EC0-301F-11D3-BF4B-00C04F79EFBC}") = "PatientsList.REST", "PatientsList.REST\PatientsList.REST.csproj", "{196E7A33-1340-4B8D-85F4-8E8E2A5AA7C9}"
EndProject
Project("{FAE04EC0-301F-11D3-BF4B-00C04F79EFBC}") = "PatientsList.Model", "PatientsList.Model\PatientsList.Model.csproj", "{DE5B9891-4CDF-42C5-8D7C-32BBC5F0BF67}"
EndProject
Project("{FAE04EC0-301F-11D3-BF4B-00C04F79EFBC}") = "Model.Test", "Model.Test\Model.Test.csproj", "{953B999F-5454-4D77-911F-69E831308579}"
EndProject
Global
	GlobalSection(SolutionConfigurationPlatforms) = preSolution
		Debug|Any CPU = Debug|Any CPU
		Release|Any CPU = Release|Any CPU
	EndGlobalSection
	GlobalSection(ProjectConfigurationPlatforms) = postSolution
		{196E7A33-1340-4B8D-85F4-8E8E2A5AA7C9}.Debug|Any CPU.ActiveCfg = Debug|Any CPU
		{196E7A33-1340-4B8D-85F4-8E8E2A5AA7C9}.Debug|Any CPU.Build.0 = Debug|Any CPU
		{196E7A33-1340-4B8D-85F4-8E8E2A5AA7C9}.Release|Any CPU.ActiveCfg = Release|Any CPU
		{196E7A33-1340-4B8D-85F4-8E8E2A5AA7C9}.Release|Any CPU.Build.0 = Release|Any CPU
		{DE5B9891-4CDF-42C5-8D7C-32BBC5F0BF67}.Debug|Any CPU.ActiveCfg = Debug|Any CPU
		{DE5B9891-4CDF-42C5-8D7C-32BBC5F0BF67}.Debug|Any CPU.Build.0 = Debug|Any CPU
		{DE5B9891-4CDF-42C5-8D7C-32BBC5F0BF67}.Release|Any CPU.ActiveCfg = Release|Any CPU
		{DE5B9891-4CDF-42C5-8D7C-32BBC5F0BF67}.Release|Any CPU.Build.0 = Release|Any CPU
		{953B999F-5454-4D77-911F-69E831308579}.Debug|Any CPU.ActiveCfg = Debug|Any CPU
		{953B999F-5454-4D77-911F-69E831308579}.Debug|Any CPU.Build.0 = Debug|Any CPU
		{953B999F-5454-4D77-911F-69E831308579}.Release|Any CPU.ActiveCfg = Release|Any CPU
		{953B999F-5454-4D77-911F-69E831308579}.Release|Any CPU.Build.0 = Release|Any CPU
	EndGlobalSection
	GlobalSection(SolutionProperties) = preSolution
		HideSolutionNode = FALSE
	EndGlobalSection
EndGlobal
